
Microsoft Visual Studio Solution File, Format Version 12.00
# Visual Studio 15
VisualStudioVersion = 15.0.26730.16
MinimumVisualStudioVersion = 10.0.40219.1
Project("{FAE04EC0-301F-11D3-BF4B-00C04F79EFBC}") = "CursorLocker", "CursorLocker\CursorLocker.csproj", "{305177F7-5FAE-4BA3-BD41-40DB58C94C68}"
EndProject
Global
	GlobalSection(SolutionConfigurationPlatforms) = preSolution
		Debug|Any CPU = Debug|Any CPU
		Debug|x64 = Debug|x64
		Release|Any CPU = Release|Any CPU
		Release|x64 = Release|x64
	EndGlobalSection
	GlobalSection(ProjectConfigurationPlatforms) = postSolution
		{305177F7-5FAE-4BA3-BD41-40DB58C94C68}.Debug|Any CPU.ActiveCfg = Debug|Any CPU
		{305177F7-5FAE-4BA3-BD41-40DB58C94C68}.Debug|Any CPU.Build.0 = Debug|Any CPU
		{305177F7-5FAE-4BA3-BD41-40DB58C94C68}.Debug|x64.ActiveCfg = Debug|x64
		{305177F7-5FAE-4BA3-BD41-40DB58C94C68}.Debug|x64.Build.0 = Debug|x64
		{305177F7-5FAE-4BA3-BD41-40DB58C94C68}.Release|Any CPU.ActiveCfg = Release|Any CPU
		{305177F7-5FAE-4BA3-BD41-40DB58C94C68}.Release|Any CPU.Build.0 = Release|Any CPU
		{305177F7-5FAE-4BA3-BD41-40DB58C94C68}.Release|x64.ActiveCfg = Release|x64
		{305177F7-5FAE-4BA3-BD41-40DB58C94C68}.Release|x64.Build.0 = Release|x64
	EndGlobalSection
	GlobalSection(SolutionProperties) = preSolution
		HideSolutionNode = FALSE
	EndGlobalSection
	GlobalSection(ExtensibilityGlobals) = postSolution
		SolutionGuid = {EF3A950A-3E00-4086-B25D-6BD890885B1D}
	EndGlobalSection
EndGlobal
